
Microsoft Visual Studio Solution File, Format Version 12.00
# Visual Studio Version 18
VisualStudioVersion = 18.2.11415.280 d18.0
MinimumVisualStudioVersion = 10.0.40219.1
Project("{FAE04EC0-301F-11D3-BF4B-00C04F79EFBC}") = "BridgeIT.API", "BridgeIT.API\BridgeIT.API.csproj", "{FFFB17ED-A907-4CEB-886F-A472C650160D}"
EndProject
Project("{2150E333-8FDC-42A3-9474-1A3956D46DE8}") = "Solution Items", "Solution Items", "{607B8740-DD5D-4B23-BE21-D1309AB00905}"
	ProjectSection(SolutionItems) = preProject
		todos.txt = todos.txt
	EndProjectSection
EndProject
Project("{FAE04EC0-301F-11D3-BF4B-00C04F79EFBC}") = "BridgeIT.Domain", "BridgeIT.Domain\BridgeIT.Domain.csproj", "{5155506C-F5B0-4FCA-9873-916712086549}"
EndProject
Project("{FAE04EC0-301F-11D3-BF4B-00C04F79EFBC}") = "BridgeIT.Infrastructure", "BridgeIT.Infrastructure\BridgeIT.Infrastructure.csproj", "{FFA6C55E-CBD7-41C9-9742-4062AB7E2995}"
EndProject
Project("{FAE04EC0-301F-11D3-BF4B-00C04F79EFBC}") = "BridgeIT.Application", "BridgeIT.Application\BridgeIT.Application.csproj", "{9B1A6F61-779C-454A-A32E-541178C267DF}"
EndProject
Global
	GlobalSection(SolutionConfigurationPlatforms) = preSolution
		Debug|Any CPU = Debug|Any CPU
		Release|Any CPU = Release|Any CPU
	EndGlobalSection
	GlobalSection(ProjectConfigurationPlatforms) = postSolution
		{FFFB17ED-A907-4CEB-886F-A472C650160D}.Debug|Any CPU.ActiveCfg = Debug|Any CPU
		{FFFB17ED-A907-4CEB-886F-A472C650160D}.Debug|Any CPU.Build.0 = Debug|Any CPU
		{FFFB17ED-A907-4CEB-886F-A472C650160D}.Release|Any CPU.ActiveCfg = Release|Any CPU
		{FFFB17ED-A907-4CEB-886F-A472C650160D}.Release|Any CPU.Build.0 = Release|Any CPU
		{5155506C-F5B0-4FCA-9873-916712086549}.Debug|Any CPU.ActiveCfg = Debug|Any CPU
		{5155506C-F5B0-4FCA-9873-916712086549}.Debug|Any CPU.Build.0 = Debug|Any CPU
		{5155506C-F5B0-4FCA-9873-916712086549}.Release|Any CPU.ActiveCfg = Release|Any CPU
		{5155506C-F5B0-4FCA-9873-916712086549}.Release|Any CPU.Build.0 = Release|Any CPU
		{FFA6C55E-CBD7-41C9-9742-4062AB7E2995}.Debug|Any CPU.ActiveCfg = Debug|Any CPU
		{FFA6C55E-CBD7-41C9-9742-4062AB7E2995}.Debug|Any CPU.Build.0 = Debug|Any CPU
		{FFA6C55E-CBD7-41C9-9742-4062AB7E2995}.Release|Any CPU.ActiveCfg = Release|Any CPU
		{FFA6C55E-CBD7-41C9-9742-4062AB7E2995}.Release|Any CPU.Build.0 = Release|Any CPU
		{9B1A6F61-779C-454A-A32E-541178C267DF}.Debug|Any CPU.ActiveCfg = Debug|Any CPU
		{9B1A6F61-779C-454A-A32E-541178C267DF}.Debug|Any CPU.Build.0 = Debug|Any CPU
		{9B1A6F61-779C-454A-A32E-541178C267DF}.Release|Any CPU.ActiveCfg = Release|Any CPU
		{9B1A6F61-779C-454A-A32E-541178C267DF}.Release|Any CPU.Build.0 = Release|Any CPU
	EndGlobalSection
	GlobalSection(SolutionProperties) = preSolution
		HideSolutionNode = FALSE
	EndGlobalSection
	GlobalSection(ExtensibilityGlobals) = postSolution
		SolutionGuid = {FAA9F305-AE21-48AD-B4E8-B3AE9DCE2832}
	EndGlobalSection
EndGlobal
